
Microsoft Visual Studio Solution File, Format Version 12.00
# Visual Studio Version 17
VisualStudioVersion = 17.1.32421.90
MinimumVisualStudioVersion = 10.0.40219.1
Project("{FAE04EC0-301F-11D3-BF4B-00C04F79EFBC}") = "OOP-AVIADOR-ASSIGNMENT1", "OOP-AVIADOR-ASSIGNMENT1\OOP-AVIADOR-ASSIGNMENT1.csproj", "{C179F871-15EA-4439-B877-1CDE5916F219}"
EndProject
Global
	GlobalSection(SolutionConfigurationPlatforms) = preSolution
		Debug|Any CPU = Debug|Any CPU
		Release|Any CPU = Release|Any CPU
	EndGlobalSection
	GlobalSection(ProjectConfigurationPlatforms) = postSolution
		{C179F871-15EA-4439-B877-1CDE5916F219}.Debug|Any CPU.ActiveCfg = Debug|Any CPU
		{C179F871-15EA-4439-B877-1CDE5916F219}.Debug|Any CPU.Build.0 = Debug|Any CPU
		{C179F871-15EA-4439-B877-1CDE5916F219}.Release|Any CPU.ActiveCfg = Release|Any CPU
		{C179F871-15EA-4439-B877-1CDE5916F219}.Release|Any CPU.Build.0 = Release|Any CPU
	EndGlobalSection
	GlobalSection(SolutionProperties) = preSolution
		HideSolutionNode = FALSE
	EndGlobalSection
	GlobalSection(ExtensibilityGlobals) = postSolution
		SolutionGuid = {1984E18B-930E-4284-970C-04F5F4678AC4}
	EndGlobalSection
EndGlobal
